
Microsoft Visual Studio Solution File, Format Version 12.00
# Visual Studio 15
VisualStudioVersion = 15.0.28010.2016
MinimumVisualStudioVersion = 10.0.40219.1
Project("{FAE04EC0-301F-11D3-BF4B-00C04F79EFBC}") = "WpfApp1", "WpfApp1\WpfApp1.csproj", "{7B0FA2E9-DB69-49CE-B3B8-7196E2DCDF0C}"
EndProject
Global
	GlobalSection(SolutionConfigurationPlatforms) = preSolution
		Debug|Any CPU = Debug|Any CPU
		Release|Any CPU = Release|Any CPU
	EndGlobalSection
	GlobalSection(ProjectConfigurationPlatforms) = postSolution
		{7B0FA2E9-DB69-49CE-B3B8-7196E2DCDF0C}.Debug|Any CPU.ActiveCfg = Debug|Any CPU
		{7B0FA2E9-DB69-49CE-B3B8-7196E2DCDF0C}.Debug|Any CPU.Build.0 = Debug|Any CPU
		{7B0FA2E9-DB69-49CE-B3B8-7196E2DCDF0C}.Release|Any CPU.ActiveCfg = Release|Any CPU
		{7B0FA2E9-DB69-49CE-B3B8-7196E2DCDF0C}.Release|Any CPU.Build.0 = Release|Any CPU
	EndGlobalSection
	GlobalSection(SolutionProperties) = preSolution
		HideSolutionNode = FALSE
	EndGlobalSection
	GlobalSection(ExtensibilityGlobals) = postSolution
		SolutionGuid = {A0CF3501-ED11-4D6E-9BA3-23E2BFD073A3}
	EndGlobalSection
EndGlobal
